
Microsoft Visual Studio Solution File, Format Version 12.00
# Visual Studio 15
VisualStudioVersion = 15.0.28010.2048
MinimumVisualStudioVersion = 10.0.40219.1
Project("{FAE04EC0-301F-11D3-BF4B-00C04F79EFBC}") = "NorthwindAngular", "NorthwindAngular\NorthwindAngular.csproj", "{870CB761-5F0E-4A78-94A8-BB7809294B29}"
EndProject
Global
	GlobalSection(SolutionConfigurationPlatforms) = preSolution
		Debug|Any CPU = Debug|Any CPU
		Release|Any CPU = Release|Any CPU
	EndGlobalSection
	GlobalSection(ProjectConfigurationPlatforms) = postSolution
		{870CB761-5F0E-4A78-94A8-BB7809294B29}.Debug|Any CPU.ActiveCfg = Debug|Any CPU
		{870CB761-5F0E-4A78-94A8-BB7809294B29}.Debug|Any CPU.Build.0 = Debug|Any CPU
		{870CB761-5F0E-4A78-94A8-BB7809294B29}.Release|Any CPU.ActiveCfg = Release|Any CPU
		{870CB761-5F0E-4A78-94A8-BB7809294B29}.Release|Any CPU.Build.0 = Release|Any CPU
	EndGlobalSection
	GlobalSection(SolutionProperties) = preSolution
		HideSolutionNode = FALSE
	EndGlobalSection
	GlobalSection(ExtensibilityGlobals) = postSolution
		SolutionGuid = {8BDE97A2-5081-4F5A-B4CB-07842FED252B}
	EndGlobalSection
EndGlobal
